
Microsoft Visual Studio Solution File, Format Version 12.00
# Visual Studio Version 16
VisualStudioVersion = 16.0.30907.101
MinimumVisualStudioVersion = 10.0.40219.1
Project("{FAE04EC0-301F-11D3-BF4B-00C04F79EFBC}") = "Lab2", "Lab2.csproj", "{B346F166-05AA-4D63-A8AA-75841E4D1953}"
EndProject
Global
	GlobalSection(SolutionConfigurationPlatforms) = preSolution
		Debug|Any CPU = Debug|Any CPU
		Release|Any CPU = Release|Any CPU
	EndGlobalSection
	GlobalSection(ProjectConfigurationPlatforms) = postSolution
		{B346F166-05AA-4D63-A8AA-75841E4D1953}.Debug|Any CPU.ActiveCfg = Debug|Any CPU
		{B346F166-05AA-4D63-A8AA-75841E4D1953}.Debug|Any CPU.Build.0 = Debug|Any CPU
		{B346F166-05AA-4D63-A8AA-75841E4D1953}.Release|Any CPU.ActiveCfg = Release|Any CPU
		{B346F166-05AA-4D63-A8AA-75841E4D1953}.Release|Any CPU.Build.0 = Release|Any CPU
	EndGlobalSection
	GlobalSection(SolutionProperties) = preSolution
		HideSolutionNode = FALSE
	EndGlobalSection
	GlobalSection(ExtensibilityGlobals) = postSolution
		SolutionGuid = {0A4F4557-AD08-4954-A5C4-1F46828154D5}
	EndGlobalSection
EndGlobal
